// !$*UTF8*$!
{
	archiveVersion = 1;
	classes = {
	};
	objectVersion = 55;
	objects = {

/* Begin PBXBuildFile section */
		3627634594A0C20B87D356D4 /* Pods_RickAndMorty.framework in Frameworks */ = {isa = PBXBuildFile; fileRef = 06390E124539FBFC24C01A04 /* Pods_RickAndMorty.framework */; };
		55A5290D72F7F6C11A44CA02 /* libPods-RickAndMorty_Tests.a in Frameworks */ = {isa = PBXBuildFile; fileRef = 61983233F0B9E0BDE32B9703 /* libPods-RickAndMorty_Tests.a */; };
		B55A97F3298D93D100C664EE /* Log.swift in Sources */ = {isa = PBXBuildFile; fileRef = B55A97F2298D93D100C664EE /* Log.swift */; };
		B55A97F5298D95A900C664EE /* DependencyInjector.swift in Sources */ = {isa = PBXBuildFile; fileRef = B55A97F4298D95A900C664EE /* DependencyInjector.swift */; };
		B55A97FA298D97C200C664EE /* CharacterListView.swift in Sources */ = {isa = PBXBuildFile; fileRef = B55A97F9298D97C200C664EE /* CharacterListView.swift */; };
		B55A97FC298D998500C664EE /* StringExtension.swift in Sources */ = {isa = PBXBuildFile; fileRef = B55A97FB298D998500C664EE /* StringExtension.swift */; };
		B55A97FF298D9AA700C664EE /* Localizable.strings in Resources */ = {isa = PBXBuildFile; fileRef = B55A97FE298D9AA700C664EE /* Localizable.strings */; };
		B55A9801298D9B3800C664EE /* Localizable.swift in Sources */ = {isa = PBXBuildFile; fileRef = B55A9800298D9B3800C664EE /* Localizable.swift */; };
		B55A9804298DA90800C664EE /* ColorExtension.swift in Sources */ = {isa = PBXBuildFile; fileRef = B55A9803298DA90800C664EE /* ColorExtension.swift */; };
		B55A9807298DAD0800C664EE /* CharacterListViewModel.swift in Sources */ = {isa = PBXBuildFile; fileRef = B55A9806298DAD0800C664EE /* CharacterListViewModel.swift */; };
		B55A980D298DAF8A00C664EE /* Character.swift in Sources */ = {isa = PBXBuildFile; fileRef = B55A980C298DAF8A00C664EE /* Character.swift */; };
		B55A9810298DB4E200C664EE /* CharacterDataWrapperApiObject.swift in Sources */ = {isa = PBXBuildFile; fileRef = B55A980F298DB4E200C664EE /* CharacterDataWrapperApiObject.swift */; };
		B55A9812298DB5AE00C664EE /* CharacterInfoApiObject.swift in Sources */ = {isa = PBXBuildFile; fileRef = B55A9811298DB5AE00C664EE /* CharacterInfoApiObject.swift */; };
		B55A9814298DB60000C664EE /* CharacterApiObject.swift in Sources */ = {isa = PBXBuildFile; fileRef = B55A9813298DB60000C664EE /* CharacterApiObject.swift */; };
		B55A9816298DB70300C664EE /* CharacterLocationApiObject.swift in Sources */ = {isa = PBXBuildFile; fileRef = B55A9815298DB70300C664EE /* CharacterLocationApiObject.swift */; };
		B55A9819298DB80400C664EE /* ApiRestManager.swift in Sources */ = {isa = PBXBuildFile; fileRef = B55A9818298DB80400C664EE /* ApiRestManager.swift */; };
		B55A981C298DBA7400C664EE /* RickAndMortyApiEventMonitor.swift in Sources */ = {isa = PBXBuildFile; fileRef = B55A981B298DBA7400C664EE /* RickAndMortyApiEventMonitor.swift */; };
		B55A981F298DBBB800C664EE /* RickAndMortyApi.swift in Sources */ = {isa = PBXBuildFile; fileRef = B55A981E298DBBB800C664EE /* RickAndMortyApi.swift */; };
		B55A9821298DBD9F00C664EE /* Dependencies.swift in Sources */ = {isa = PBXBuildFile; fileRef = B55A9820298DBD9F00C664EE /* Dependencies.swift */; };
		B5958DE7298FB7B90043BFF0 /* CharacterDetailViewModel_Tests.swift in Sources */ = {isa = PBXBuildFile; fileRef = B5958DE6298FB7B90043BFF0 /* CharacterDetailViewModel_Tests.swift */; };
		B5958DEB298FC22F0043BFF0 /* MockDependencies.swift in Sources */ = {isa = PBXBuildFile; fileRef = B5958DEA298FC22F0043BFF0 /* MockDependencies.swift */; };
		B5958DEF298FD1BA0043BFF0 /* MockGenerator.swift in Sources */ = {isa = PBXBuildFile; fileRef = B5958DEE298FD1BA0043BFF0 /* MockGenerator.swift */; };
		B5958DF1298FDBB40043BFF0 /* ProcessInfoExtension.swift in Sources */ = {isa = PBXBuildFile; fileRef = B5958DF0298FDBB40043BFF0 /* ProcessInfoExtension.swift */; };
		B59BEC36298E74F4008DA563 /* CharacterListCardView.swift in Sources */ = {isa = PBXBuildFile; fileRef = B59BEC35298E74F4008DA563 /* CharacterListCardView.swift */; };
		B59BEC3C298E9EA7008DA563 /* CharacterListFilterView.swift in Sources */ = {isa = PBXBuildFile; fileRef = B59BEC3B298E9EA7008DA563 /* CharacterListFilterView.swift */; };
		B59BEC3F298EB583008DA563 /* CharacterFilterData.swift in Sources */ = {isa = PBXBuildFile; fileRef = B59BEC3E298EB583008DA563 /* CharacterFilterData.swift */; };
		B59BEC43298ED4FE008DA563 /* CharacterDetailView.swift in Sources */ = {isa = PBXBuildFile; fileRef = B59BEC42298ED4FE008DA563 /* CharacterDetailView.swift */; };
		B59BEC46298EE500008DA563 /* CharacterDetailViewModel.swift in Sources */ = {isa = PBXBuildFile; fileRef = B59BEC45298EE500008DA563 /* CharacterDetailViewModel.swift */; };
		B59BEC48298EF320008DA563 /* CharacterLocation.swift in Sources */ = {isa = PBXBuildFile; fileRef = B59BEC47298EF320008DA563 /* CharacterLocation.swift */; };
		B59BEC4A298F0306008DA563 /* StatusEnum.swift in Sources */ = {isa = PBXBuildFile; fileRef = B59BEC49298F0305008DA563 /* StatusEnum.swift */; };
		B59BEC4C298F0322008DA563 /* GenderEnum.swift in Sources */ = {isa = PBXBuildFile; fileRef = B59BEC4B298F0322008DA563 /* GenderEnum.swift */; };
		B59BEC52298F098D008DA563 /* LottieFile.swift in Sources */ = {isa = PBXBuildFile; fileRef = B59BEC51298F098D008DA563 /* LottieFile.swift */; };
		B59BEC54298F0A46008DA563 /* LottieView.swift in Sources */ = {isa = PBXBuildFile; fileRef = B59BEC53298F0A46008DA563 /* LottieView.swift */; };
		B59BEC57298F0FC9008DA563 /* search-not-found.json in Resources */ = {isa = PBXBuildFile; fileRef = B59BEC56298F0FC9008DA563 /* search-not-found.json */; };
		B59BEC66298F1D6D008DA563 /* CharacterListViewModel_Tests.swift in Sources */ = {isa = PBXBuildFile; fileRef = B59BEC65298F1D6D008DA563 /* CharacterListViewModel_Tests.swift */; };
		B59EFCC6298D88DB00F5375E /* RickAndMortyApp.swift in Sources */ = {isa = PBXBuildFile; fileRef = B59EFCC5298D88DB00F5375E /* RickAndMortyApp.swift */; };
		B59EFCCA298D88DE00F5375E /* Assets.xcassets in Resources */ = {isa = PBXBuildFile; fileRef = B59EFCC9298D88DE00F5375E /* Assets.xcassets */; };
		B59EFCCD298D88DE00F5375E /* Preview Assets.xcassets in Resources */ = {isa = PBXBuildFile; fileRef = B59EFCCC298D88DE00F5375E /* Preview Assets.xcassets */; };
/* End PBXBuildFile section */

/* Begin PBXContainerItemProxy section */
		B59BEC60298F1C11008DA563 /* PBXContainerItemProxy */ = {
			isa = PBXContainerItemProxy;
			containerPortal = B59EFCBA298D88DB00F5375E /* Project object */;
			proxyType = 1;
			remoteGlobalIDString = B59EFCC1298D88DB00F5375E;
			remoteInfo = RickAndMorty;
		};
/* End PBXContainerItemProxy section */

/* Begin PBXFileReference section */
		06390E124539FBFC24C01A04 /* Pods_RickAndMorty.framework */ = {isa = PBXFileReference; explicitFileType = wrapper.framework; includeInIndex = 0; path = Pods_RickAndMorty.framework; sourceTree = BUILT_PRODUCTS_DIR; };
		0D4702ABDC77F77724D4A7CB /* Pods-RickAndMorty.debug.xcconfig */ = {isa = PBXFileReference; includeInIndex = 1; lastKnownFileType = text.xcconfig; name = "Pods-RickAndMorty.debug.xcconfig"; path = "Target Support Files/Pods-RickAndMorty/Pods-RickAndMorty.debug.xcconfig"; sourceTree = "<group>"; };
		3FA38378FEB824DE2488551D /* Pods-RickAndMorty_Tests.release.xcconfig */ = {isa = PBXFileReference; includeInIndex = 1; lastKnownFileType = text.xcconfig; name = "Pods-RickAndMorty_Tests.release.xcconfig"; path = "Target Support Files/Pods-RickAndMorty_Tests/Pods-RickAndMorty_Tests.release.xcconfig"; sourceTree = "<group>"; };
		58365A23025EE698C892FAC8 /* Pods-RickAndMorty_Tests.debug.xcconfig */ = {isa = PBXFileReference; includeInIndex = 1; lastKnownFileType = text.xcconfig; name = "Pods-RickAndMorty_Tests.debug.xcconfig"; path = "Target Support Files/Pods-RickAndMorty_Tests/Pods-RickAndMorty_Tests.debug.xcconfig"; sourceTree = "<group>"; };
		5A3D44D01423052A66A6BBB4 /* Pods-RickAndMorty.release.xcconfig */ = {isa = PBXFileReference; includeInIndex = 1; lastKnownFileType = text.xcconfig; name = "Pods-RickAndMorty.release.xcconfig"; path = "Target Support Files/Pods-RickAndMorty/Pods-RickAndMorty.release.xcconfig"; sourceTree = "<group>"; };
		61983233F0B9E0BDE32B9703 /* libPods-RickAndMorty_Tests.a */ = {isa = PBXFileReference; explicitFileType = archive.ar; includeInIndex = 0; path = "libPods-RickAndMorty_Tests.a"; sourceTree = BUILT_PRODUCTS_DIR; };
		B55A97F2298D93D100C664EE /* Log.swift */ = {isa = PBXFileReference; lastKnownFileType = sourcecode.swift; path = Log.swift; sourceTree = "<group>"; };
		B55A97F4298D95A900C664EE /* DependencyInjector.swift */ = {isa = PBXFileReference; lastKnownFileType = sourcecode.swift; path = DependencyInjector.swift; sourceTree = "<group>"; };
		B55A97F9298D97C200C664EE /* CharacterListView.swift */ = {isa = PBXFileReference; lastKnownFileType = sourcecode.swift; path = CharacterListView.swift; sourceTree = "<group>"; };
		B55A97FB298D998500C664EE /* StringExtension.swift */ = {isa = PBXFileReference; lastKnownFileType = sourcecode.swift; path = StringExtension.swift; sourceTree = "<group>"; };
		B55A97FE298D9AA700C664EE /* Localizable.strings */ = {isa = PBXFileReference; lastKnownFileType = text.plist.strings; path = Localizable.strings; sourceTree = "<group>"; };
		B55A9800298D9B3800C664EE /* Localizable.swift */ = {isa = PBXFileReference; lastKnownFileType = sourcecode.swift; path = Localizable.swift; sourceTree = "<group>"; };
		B55A9803298DA90800C664EE /* ColorExtension.swift */ = {isa = PBXFileReference; lastKnownFileType = sourcecode.swift; path = ColorExtension.swift; sourceTree = "<group>"; };
		B55A9806298DAD0800C664EE /* CharacterListViewModel.swift */ = {isa = PBXFileReference; lastKnownFileType = sourcecode.swift; path = CharacterListViewModel.swift; sourceTree = "<group>"; };
		B55A980C298DAF8A00C664EE /* Character.swift */ = {isa = PBXFileReference; lastKnownFileType = sourcecode.swift; path = Character.swift; sourceTree = "<group>"; };
		B55A980F298DB4E200C664EE /* CharacterDataWrapperApiObject.swift */ = {isa = PBXFileReference; lastKnownFileType = sourcecode.swift; path = CharacterDataWrapperApiObject.swift; sourceTree = "<group>"; };
		B55A9811298DB5AE00C664EE /* CharacterInfoApiObject.swift */ = {isa = PBXFileReference; lastKnownFileType = sourcecode.swift; path = CharacterInfoApiObject.swift; sourceTree = "<group>"; };
		B55A9813298DB60000C664EE /* CharacterApiObject.swift */ = {isa = PBXFileReference; lastKnownFileType = sourcecode.swift; path = CharacterApiObject.swift; sourceTree = "<group>"; };
		B55A9815298DB70300C664EE /* CharacterLocationApiObject.swift */ = {isa = PBXFileReference; lastKnownFileType = sourcecode.swift; path = CharacterLocationApiObject.swift; sourceTree = "<group>"; };
		B55A9818298DB80400C664EE /* ApiRestManager.swift */ = {isa = PBXFileReference; lastKnownFileType = sourcecode.swift; path = ApiRestManager.swift; sourceTree = "<group>"; };
		B55A981B298DBA7400C664EE /* RickAndMortyApiEventMonitor.swift */ = {isa = PBXFileReference; lastKnownFileType = sourcecode.swift; path = RickAndMortyApiEventMonitor.swift; sourceTree = "<group>"; };
		B55A981E298DBBB800C664EE /* RickAndMortyApi.swift */ = {isa = PBXFileReference; lastKnownFileType = sourcecode.swift; path = RickAndMortyApi.swift; sourceTree = "<group>"; };
		B55A9820298DBD9F00C664EE /* Dependencies.swift */ = {isa = PBXFileReference; lastKnownFileType = sourcecode.swift; path = Dependencies.swift; sourceTree = "<group>"; };
		B5958DE6298FB7B90043BFF0 /* CharacterDetailViewModel_Tests.swift */ = {isa = PBXFileReference; lastKnownFileType = sourcecode.swift; path = CharacterDetailViewModel_Tests.swift; sourceTree = "<group>"; };
		B5958DEA298FC22F0043BFF0 /* MockDependencies.swift */ = {isa = PBXFileReference; lastKnownFileType = sourcecode.swift; path = MockDependencies.swift; sourceTree = "<group>"; };
		B5958DEE298FD1BA0043BFF0 /* MockGenerator.swift */ = {isa = PBXFileReference; lastKnownFileType = sourcecode.swift; path = MockGenerator.swift; sourceTree = "<group>"; };
		B5958DF0298FDBB40043BFF0 /* ProcessInfoExtension.swift */ = {isa = PBXFileReference; lastKnownFileType = sourcecode.swift; path = ProcessInfoExtension.swift; sourceTree = "<group>"; };
		B59BEC35298E74F4008DA563 /* CharacterListCardView.swift */ = {isa = PBXFileReference; lastKnownFileType = sourcecode.swift; path = CharacterListCardView.swift; sourceTree = "<group>"; };
		B59BEC3B298E9EA7008DA563 /* CharacterListFilterView.swift */ = {isa = PBXFileReference; lastKnownFileType = sourcecode.swift; path = CharacterListFilterView.swift; sourceTree = "<group>"; };
		B59BEC3E298EB583008DA563 /* CharacterFilterData.swift */ = {isa = PBXFileReference; lastKnownFileType = sourcecode.swift; path = CharacterFilterData.swift; sourceTree = "<group>"; };
		B59BEC42298ED4FE008DA563 /* CharacterDetailView.swift */ = {isa = PBXFileReference; lastKnownFileType = sourcecode.swift; path = CharacterDetailView.swift; sourceTree = "<group>"; };
		B59BEC45298EE500008DA563 /* CharacterDetailViewModel.swift */ = {isa = PBXFileReference; lastKnownFileType = sourcecode.swift; path = CharacterDetailViewModel.swift; sourceTree = "<group>"; };
		B59BEC47298EF320008DA563 /* CharacterLocation.swift */ = {isa = PBXFileReference; lastKnownFileType = sourcecode.swift; path = CharacterLocation.swift; sourceTree = "<group>"; };
		B59BEC49298F0305008DA563 /* StatusEnum.swift */ = {isa = PBXFileReference; lastKnownFileType = sourcecode.swift; path = StatusEnum.swift; sourceTree = "<group>"; };
		B59BEC4B298F0322008DA563 /* GenderEnum.swift */ = {isa = PBXFileReference; lastKnownFileType = sourcecode.swift; path = GenderEnum.swift; sourceTree = "<group>"; };
		B59BEC51298F098D008DA563 /* LottieFile.swift */ = {isa = PBXFileReference; lastKnownFileType = sourcecode.swift; path = LottieFile.swift; sourceTree = "<group>"; };
		B59BEC53298F0A46008DA563 /* LottieView.swift */ = {isa = PBXFileReference; lastKnownFileType = sourcecode.swift; path = LottieView.swift; sourceTree = "<group>"; };
		B59BEC56298F0FC9008DA563 /* search-not-found.json */ = {isa = PBXFileReference; fileEncoding = 4; lastKnownFileType = text.json; path = "search-not-found.json"; sourceTree = "<group>"; };
		B59BEC5C298F1C11008DA563 /* RickAndMorty_Tests.xctest */ = {isa = PBXFileReference; explicitFileType = wrapper.cfbundle; includeInIndex = 0; path = RickAndMorty_Tests.xctest; sourceTree = BUILT_PRODUCTS_DIR; };
		B59BEC65298F1D6D008DA563 /* CharacterListViewModel_Tests.swift */ = {isa = PBXFileReference; lastKnownFileType = sourcecode.swift; path = CharacterListViewModel_Tests.swift; sourceTree = "<group>"; };
		B59EFCC2298D88DB00F5375E /* RickAndMorty.app */ = {isa = PBXFileReference; explicitFileType = wrapper.application; includeInIndex = 0; path = RickAndMorty.app; sourceTree = BUILT_PRODUCTS_DIR; };
		B59EFCC5298D88DB00F5375E /* RickAndMortyApp.swift */ = {isa = PBXFileReference; lastKnownFileType = sourcecode.swift; path = RickAndMortyApp.swift; sourceTree = "<group>"; };
		B59EFCC9298D88DE00F5375E /* Assets.xcassets */ = {isa = PBXFileReference; lastKnownFileType = folder.assetcatalog; path = Assets.xcassets; sourceTree = "<group>"; };
		B59EFCCC298D88DE00F5375E /* Preview Assets.xcassets */ = {isa = PBXFileReference; lastKnownFileType = folder.assetcatalog; path = "Preview Assets.xcassets"; sourceTree = "<group>"; };
/* End PBXFileReference section */

/* Begin PBXFrameworksBuildPhase section */
		B59BEC59298F1C11008DA563 /* Frameworks */ = {
			isa = PBXFrameworksBuildPhase;
			buildActionMask = 2147483647;
			files = (
				55A5290D72F7F6C11A44CA02 /* libPods-RickAndMorty_Tests.a in Frameworks */,
			);
			runOnlyForDeploymentPostprocessing = 0;
		};
		B59EFCBF298D88DB00F5375E /* Frameworks */ = {
			isa = PBXFrameworksBuildPhase;
			buildActionMask = 2147483647;
			files = (
				3627634594A0C20B87D356D4 /* Pods_RickAndMorty.framework in Frameworks */,
			);
			runOnlyForDeploymentPostprocessing = 0;
		};
/* End PBXFrameworksBuildPhase section */

/* Begin PBXGroup section */
		ABF9036A5D0F331928774F60 /* Pods */ = {
			isa = PBXGroup;
			children = (
				0D4702ABDC77F77724D4A7CB /* Pods-RickAndMorty.debug.xcconfig */,
				5A3D44D01423052A66A6BBB4 /* Pods-RickAndMorty.release.xcconfig */,
				58365A23025EE698C892FAC8 /* Pods-RickAndMorty_Tests.debug.xcconfig */,
				3FA38378FEB824DE2488551D /* Pods-RickAndMorty_Tests.release.xcconfig */,
			);
			path = Pods;
			sourceTree = "<group>";
		};
		B3492D9301251AB3B9E70B2A /* Frameworks */ = {
			isa = PBXGroup;
			children = (
				06390E124539FBFC24C01A04 /* Pods_RickAndMorty.framework */,
				61983233F0B9E0BDE32B9703 /* libPods-RickAndMorty_Tests.a */,
			);
			name = Frameworks;
			sourceTree = "<group>";
		};
		B55A97F6298D968100C664EE /* modules */ = {
			isa = PBXGroup;
			children = (
				B55A97F7298D96C100C664EE /* characterList */,
				B59BEC40298ED4BF008DA563 /* characterDetail */,
			);
			path = modules;
			sourceTree = "<group>";
		};
		B55A97F7298D96C100C664EE /* characterList */ = {
			isa = PBXGroup;
			children = (
				B55A9805298DACF200C664EE /* viewModel */,
				B55A97F8298D96F100C664EE /* view */,
			);
			path = characterList;
			sourceTree = "<group>";
		};
		B55A97F8298D96F100C664EE /* view */ = {
			isa = PBXGroup;
			children = (
				B55A97F9298D97C200C664EE /* CharacterListView.swift */,
				B59BEC35298E74F4008DA563 /* CharacterListCardView.swift */,
				B59BEC3B298E9EA7008DA563 /* CharacterListFilterView.swift */,
			);
			path = view;
			sourceTree = "<group>";
		};
		B55A97FD298D9A4100C664EE /* strings */ = {
			isa = PBXGroup;
			children = (
				B55A97FE298D9AA700C664EE /* Localizable.strings */,
				B55A9800298D9B3800C664EE /* Localizable.swift */,
			);
			path = strings;
			sourceTree = "<group>";
		};
		B55A9802298DA8B200C664EE /* extensions */ = {
			isa = PBXGroup;
			children = (
				B55A9803298DA90800C664EE /* ColorExtension.swift */,
			);
			path = extensions;
			sourceTree = "<group>";
		};
		B55A9805298DACF200C664EE /* viewModel */ = {
			isa = PBXGroup;
			children = (
				B55A9806298DAD0800C664EE /* CharacterListViewModel.swift */,
			);
			path = viewModel;
			sourceTree = "<group>";
		};
		B55A9808298DAEE300C664EE /* data */ = {
			isa = PBXGroup;
			children = (
				B55A980A298DAEF600C664EE /* local */,
				B55A9809298DAEEE00C664EE /* remote */,
			);
			path = data;
			sourceTree = "<group>";
		};
		B55A9809298DAEEE00C664EE /* remote */ = {
			isa = PBXGroup;
			children = (
				B55A980E298DB3E400C664EE /* entities */,
				B55A981D298DBB5B00C664EE /* api */,
			);
			path = remote;
			sourceTree = "<group>";
		};
		B55A980A298DAEF600C664EE /* local */ = {
			isa = PBXGroup;
			children = (
				B55A980B298DAF6700C664EE /* entities */,
				B59BEC3E298EB583008DA563 /* CharacterFilterData.swift */,
				B59BEC49298F0305008DA563 /* StatusEnum.swift */,
				B59BEC4B298F0322008DA563 /* GenderEnum.swift */,
			);
			path = local;
			sourceTree = "<group>";
		};
		B55A980B298DAF6700C664EE /* entities */ = {
			isa = PBXGroup;
			children = (
				B55A980C298DAF8A00C664EE /* Character.swift */,
				B59BEC47298EF320008DA563 /* CharacterLocation.swift */,
			);
			path = entities;
			sourceTree = "<group>";
		};
		B55A980E298DB3E400C664EE /* entities */ = {
			isa = PBXGroup;
			children = (
				B55A980F298DB4E200C664EE /* CharacterDataWrapperApiObject.swift */,
				B55A9811298DB5AE00C664EE /* CharacterInfoApiObject.swift */,
				B55A9813298DB60000C664EE /* CharacterApiObject.swift */,
				B55A9815298DB70300C664EE /* CharacterLocationApiObject.swift */,
			);
			path = entities;
			sourceTree = "<group>";
		};
		B55A9817298DB78900C664EE /* services */ = {
			isa = PBXGroup;
			children = (
				B55A9818298DB80400C664EE /* ApiRestManager.swift */,
			);
			path = services;
			sourceTree = "<group>";
		};
		B55A981A298DB84200C664EE /* monitors */ = {
			isa = PBXGroup;
			children = (
				B55A981B298DBA7400C664EE /* RickAndMortyApiEventMonitor.swift */,
			);
			path = monitors;
			sourceTree = "<group>";
		};
		B55A981D298DBB5B00C664EE /* api */ = {
			isa = PBXGroup;
			children = (
				B55A981A298DB84200C664EE /* monitors */,
				B55A981E298DBBB800C664EE /* RickAndMortyApi.swift */,
			);
			path = api;
			sourceTree = "<group>";
		};
		B5958DEC298FD0FD0043BFF0 /* mocks */ = {
			isa = PBXGroup;
			children = (
				B5958DED298FD12A0043BFF0 /* data */,
				B5958DEA298FC22F0043BFF0 /* MockDependencies.swift */,
			);
			path = mocks;
			sourceTree = "<group>";
		};
		B5958DED298FD12A0043BFF0 /* data */ = {
			isa = PBXGroup;
			children = (
				B5958DEE298FD1BA0043BFF0 /* MockGenerator.swift */,
			);
			path = data;
			sourceTree = "<group>";
		};
		B59BEC3D298EA09D008DA563 /* Dependencies */ = {
			isa = PBXGroup;
			children = (
				B55A97F4298D95A900C664EE /* DependencyInjector.swift */,
				B55A9820298DBD9F00C664EE /* Dependencies.swift */,
			);
			path = Dependencies;
			sourceTree = "<group>";
		};
		B59BEC40298ED4BF008DA563 /* characterDetail */ = {
			isa = PBXGroup;
			children = (
				B59BEC44298EE4E2008DA563 /* viewModel */,
				B59BEC41298ED4D3008DA563 /* view */,
			);
			path = characterDetail;
			sourceTree = "<group>";
		};
		B59BEC41298ED4D3008DA563 /* view */ = {
			isa = PBXGroup;
			children = (
				B59BEC42298ED4FE008DA563 /* CharacterDetailView.swift */,
			);
			path = view;
			sourceTree = "<group>";
		};
		B59BEC44298EE4E2008DA563 /* viewModel */ = {
			isa = PBXGroup;
			children = (
				B59BEC45298EE500008DA563 /* CharacterDetailViewModel.swift */,
			);
			path = viewModel;
			sourceTree = "<group>";
		};
		B59BEC4D298F0931008DA563 /* resources */ = {
			isa = PBXGroup;
			children = (
				B59BEC4E298F0948008DA563 /* lottie */,
				B55A97FD298D9A4100C664EE /* strings */,
			);
			path = resources;
			sourceTree = "<group>";
		};
		B59BEC4E298F0948008DA563 /* lottie */ = {
			isa = PBXGroup;
			children = (
				B59BEC56298F0FC9008DA563 /* search-not-found.json */,
				B59BEC51298F098D008DA563 /* LottieFile.swift */,
			);
			path = lottie;
			sourceTree = "<group>";
		};
		B59BEC55298F0CC2008DA563 /* components */ = {
			isa = PBXGroup;
			children = (
				B59BEC53298F0A46008DA563 /* LottieView.swift */,
			);
			path = components;
			sourceTree = "<group>";
		};
		B59BEC5D298F1C11008DA563 /* RickAndMorty_Tests */ = {
			isa = PBXGroup;
			children = (
				B5958DEC298FD0FD0043BFF0 /* mocks */,
				B59BEC65298F1D6D008DA563 /* CharacterListViewModel_Tests.swift */,
				B5958DE6298FB7B90043BFF0 /* CharacterDetailViewModel_Tests.swift */,
			);
			path = RickAndMorty_Tests;
			sourceTree = "<group>";
		};
		B59EFCB9298D88DB00F5375E = {
			isa = PBXGroup;
			children = (
				B59EFCC4298D88DB00F5375E /* RickAndMorty */,
				B59BEC5D298F1C11008DA563 /* RickAndMorty_Tests */,
				B59EFCC3298D88DB00F5375E /* Products */,
				ABF9036A5D0F331928774F60 /* Pods */,
				B3492D9301251AB3B9E70B2A /* Frameworks */,
			);
			sourceTree = "<group>";
		};
		B59EFCC3298D88DB00F5375E /* Products */ = {
			isa = PBXGroup;
			children = (
				B59EFCC2298D88DB00F5375E /* RickAndMorty.app */,
				B59BEC5C298F1C11008DA563 /* RickAndMorty_Tests.xctest */,
			);
			name = Products;
			sourceTree = "<group>";
		};
		B59EFCC4298D88DB00F5375E /* RickAndMorty */ = {
			isa = PBXGroup;
			children = (
				B59EFCD3298D8C8500F5375E /* business */,
				B59EFCD4298D8CA700F5375E /* domain */,
				B59EFCD5298D8CB300F5375E /* ui */,
				B59EFCC5298D88DB00F5375E /* RickAndMortyApp.swift */,
				B59EFCC9298D88DE00F5375E /* Assets.xcassets */,
				B59EFCCB298D88DE00F5375E /* Preview Content */,
			);
			path = RickAndMorty;
			sourceTree = "<group>";
		};
		B59EFCCB298D88DE00F5375E /* Preview Content */ = {
			isa = PBXGroup;
			children = (
				B59EFCCC298D88DE00F5375E /* Preview Assets.xcassets */,
			);
			path = "Preview Content";
			sourceTree = "<group>";
		};
		B59EFCD3298D8C8500F5375E /* business */ = {
			isa = PBXGroup;
			children = (
				B55A9808298DAEE300C664EE /* data */,
				B55A9817298DB78900C664EE /* services */,
			);
			path = business;
			sourceTree = "<group>";
		};
		B59EFCD4298D8CA700F5375E /* domain */ = {
			isa = PBXGroup;
			children = (
				B59EFCD6298D8CE900F5375E /* extensions */,
				B59EFCD7298D8CFC00F5375E /* utils */,
			);
			path = domain;
			sourceTree = "<group>";
		};
		B59EFCD5298D8CB300F5375E /* ui */ = {
			isa = PBXGroup;
			children = (
				B59BEC55298F0CC2008DA563 /* components */,
				B55A9802298DA8B200C664EE /* extensions */,
				B55A97F6298D968100C664EE /* modules */,
				B59BEC4D298F0931008DA563 /* resources */,
			);
			path = ui;
			sourceTree = "<group>";
		};
		B59EFCD6298D8CE900F5375E /* extensions */ = {
			isa = PBXGroup;
			children = (
				B55A97FB298D998500C664EE /* StringExtension.swift */,
				B5958DF0298FDBB40043BFF0 /* ProcessInfoExtension.swift */,
			);
			path = extensions;
			sourceTree = "<group>";
		};
		B59EFCD7298D8CFC00F5375E /* utils */ = {
			isa = PBXGroup;
			children = (
				B59BEC3D298EA09D008DA563 /* Dependencies */,
				B55A97F2298D93D100C664EE /* Log.swift */,
			);
			path = utils;
			sourceTree = "<group>";
		};
/* End PBXGroup section */

/* Begin PBXNativeTarget section */
		B59BEC5B298F1C11008DA563 /* RickAndMorty_Tests */ = {
			isa = PBXNativeTarget;
			buildConfigurationList = B59BEC62298F1C11008DA563 /* Build configuration list for PBXNativeTarget "RickAndMorty_Tests" */;
			buildPhases = (
				8A9704A6EDA2B66ED2F61080 /* [CP] Check Pods Manifest.lock */,
				B59BEC58298F1C11008DA563 /* Sources */,
				B59BEC59298F1C11008DA563 /* Frameworks */,
				B59BEC5A298F1C11008DA563 /* Resources */,
			);
			buildRules = (
			);
			dependencies = (
				B59BEC61298F1C11008DA563 /* PBXTargetDependency */,
			);
			name = RickAndMorty_Tests;
			productName = RickAndMorty_Tests;
			productReference = B59BEC5C298F1C11008DA563 /* RickAndMorty_Tests.xctest */;
			productType = "com.apple.product-type.bundle.unit-test";
		};
		B59EFCC1298D88DB00F5375E /* RickAndMorty */ = {
			isa = PBXNativeTarget;
			buildConfigurationList = B59EFCD0298D88DE00F5375E /* Build configuration list for PBXNativeTarget "RickAndMorty" */;
			buildPhases = (
				9CD7EC44C53F6A7157598257 /* [CP] Check Pods Manifest.lock */,
				B59EFCBE298D88DB00F5375E /* Sources */,
				B59EFCBF298D88DB00F5375E /* Frameworks */,
				B59EFCC0298D88DB00F5375E /* Resources */,
				2135F4BB46F5C94F4B2E1E98 /* [CP] Embed Pods Frameworks */,
			);
			buildRules = (
			);
			dependencies = (
			);
			name = RickAndMorty;
			productName = RickAndMorty;
			productReference = B59EFCC2298D88DB00F5375E /* RickAndMorty.app */;
			productType = "com.apple.product-type.application";
		};
/* End PBXNativeTarget section */

/* Begin PBXProject section */
		B59EFCBA298D88DB00F5375E /* Project object */ = {
			isa = PBXProject;
			attributes = {
				BuildIndependentTargetsInParallel = 1;
				LastSwiftUpdateCheck = 1330;
				LastUpgradeCheck = 1330;
				TargetAttributes = {
					B59BEC5B298F1C11008DA563 = {
						CreatedOnToolsVersion = 13.3;
						TestTargetID = B59EFCC1298D88DB00F5375E;
					};
					B59EFCC1298D88DB00F5375E = {
						CreatedOnToolsVersion = 13.3;
					};
				};
			};
			buildConfigurationList = B59EFCBD298D88DB00F5375E /* Build configuration list for PBXProject "RickAndMorty" */;
			compatibilityVersion = "Xcode 13.0";
			developmentRegion = en;
			hasScannedForEncodings = 0;
			knownRegions = (
				en,
				Base,
			);
			mainGroup = B59EFCB9298D88DB00F5375E;
			productRefGroup = B59EFCC3298D88DB00F5375E /* Products */;
			projectDirPath = "";
			projectRoot = "";
			targets = (
				B59EFCC1298D88DB00F5375E /* RickAndMorty */,
				B59BEC5B298F1C11008DA563 /* RickAndMorty_Tests */,
			);
		};
/* End PBXProject section */

/* Begin PBXResourcesBuildPhase section */
		B59BEC5A298F1C11008DA563 /* Resources */ = {
			isa = PBXResourcesBuildPhase;
			buildActionMask = 2147483647;
			files = (
			);
			runOnlyForDeploymentPostprocessing = 0;
		};
		B59EFCC0298D88DB00F5375E /* Resources */ = {
			isa = PBXResourcesBuildPhase;
			buildActionMask = 2147483647;
			files = (
				B59BEC57298F0FC9008DA563 /* search-not-found.json in Resources */,
				B59EFCCD298D88DE00F5375E /* Preview Assets.xcassets in Resources */,
				B55A97FF298D9AA700C664EE /* Localizable.strings in Resources */,
				B59EFCCA298D88DE00F5375E /* Assets.xcassets in Resources */,
			);
			runOnlyForDeploymentPostprocessing = 0;
		};
/* End PBXResourcesBuildPhase section */

/* Begin PBXShellScriptBuildPhase section */
		2135F4BB46F5C94F4B2E1E98 /* [CP] Embed Pods Frameworks */ = {
			isa = PBXShellScriptBuildPhase;
			buildActionMask = 2147483647;
			files = (
			);
			inputFileListPaths = (
				"${PODS_ROOT}/Target Support Files/Pods-RickAndMorty/Pods-RickAndMorty-frameworks-${CONFIGURATION}-input-files.xcfilelist",
			);
			name = "[CP] Embed Pods Frameworks";
			outputFileListPaths = (
				"${PODS_ROOT}/Target Support Files/Pods-RickAndMorty/Pods-RickAndMorty-frameworks-${CONFIGURATION}-output-files.xcfilelist",
			);
			runOnlyForDeploymentPostprocessing = 0;
			shellPath = /bin/sh;
			shellScript = "\"${PODS_ROOT}/Target Support Files/Pods-RickAndMorty/Pods-RickAndMorty-frameworks.sh\"\n";
			showEnvVarsInLog = 0;
		};
		8A9704A6EDA2B66ED2F61080 /* [CP] Check Pods Manifest.lock */ = {
			isa = PBXShellScriptBuildPhase;
			buildActionMask = 2147483647;
			files = (
			);
			inputFileListPaths = (
			);
			inputPaths = (
				"${PODS_PODFILE_DIR_PATH}/Podfile.lock",
				"${PODS_ROOT}/Manifest.lock",
			);
			name = "[CP] Check Pods Manifest.lock";
			outputFileListPaths = (
			);
			outputPaths = (
				"$(DERIVED_FILE_DIR)/Pods-RickAndMorty_Tests-checkManifestLockResult.txt",
			);
			runOnlyForDeploymentPostprocessing = 0;
			shellPath = /bin/sh;
			shellScript = "diff \"${PODS_PODFILE_DIR_PATH}/Podfile.lock\" \"${PODS_ROOT}/Manifest.lock\" > /dev/null\nif [ $? != 0 ] ; then\n    # print error to STDERR\n    echo \"error: The sandbox is not in sync with the Podfile.lock. Run 'pod install' or update your CocoaPods installation.\" >&2\n    exit 1\nfi\n# This output is used by Xcode 'outputs' to avoid re-running this script phase.\necho \"SUCCESS\" > \"${SCRIPT_OUTPUT_FILE_0}\"\n";
			showEnvVarsInLog = 0;
		};
		9CD7EC44C53F6A7157598257 /* [CP] Check Pods Manifest.lock */ = {
			isa = PBXShellScriptBuildPhase;
			buildActionMask = 2147483647;
			files = (
			);
			inputFileListPaths = (
			);
			inputPaths = (
				"${PODS_PODFILE_DIR_PATH}/Podfile.lock",
				"${PODS_ROOT}/Manifest.lock",
			);
			name = "[CP] Check Pods Manifest.lock";
			outputFileListPaths = (
			);
			outputPaths = (
				"$(DERIVED_FILE_DIR)/Pods-RickAndMorty-checkManifestLockResult.txt",
			);
			runOnlyForDeploymentPostprocessing = 0;
			shellPath = /bin/sh;
			shellScript = "diff \"${PODS_PODFILE_DIR_PATH}/Podfile.lock\" \"${PODS_ROOT}/Manifest.lock\" > /dev/null\nif [ $? != 0 ] ; then\n    # print error to STDERR\n    echo \"error: The sandbox is not in sync with the Podfile.lock. Run 'pod install' or update your CocoaPods installation.\" >&2\n    exit 1\nfi\n# This output is used by Xcode 'outputs' to avoid re-running this script phase.\necho \"SUCCESS\" > \"${SCRIPT_OUTPUT_FILE_0}\"\n";
			showEnvVarsInLog = 0;
		};
/* End PBXShellScriptBuildPhase section */

/* Begin PBXSourcesBuildPhase section */
		B59BEC58298F1C11008DA563 /* Sources */ = {
			isa = PBXSourcesBuildPhase;
			buildActionMask = 2147483647;
			files = (
				B59BEC66298F1D6D008DA563 /* CharacterListViewModel_Tests.swift in Sources */,
				B5958DE7298FB7B90043BFF0 /* CharacterDetailViewModel_Tests.swift in Sources */,
				B5958DEB298FC22F0043BFF0 /* MockDependencies.swift in Sources */,
				B5958DEF298FD1BA0043BFF0 /* MockGenerator.swift in Sources */,
			);
			runOnlyForDeploymentPostprocessing = 0;
		};
		B59EFCBE298D88DB00F5375E /* Sources */ = {
			isa = PBXSourcesBuildPhase;
			buildActionMask = 2147483647;
			files = (
				B59BEC3C298E9EA7008DA563 /* CharacterListFilterView.swift in Sources */,
				B59BEC3F298EB583008DA563 /* CharacterFilterData.swift in Sources */,
				B59BEC54298F0A46008DA563 /* LottieView.swift in Sources */,
				B55A981F298DBBB800C664EE /* RickAndMortyApi.swift in Sources */,
				B55A97F5298D95A900C664EE /* DependencyInjector.swift in Sources */,
				B55A9810298DB4E200C664EE /* CharacterDataWrapperApiObject.swift in Sources */,
				B55A9801298D9B3800C664EE /* Localizable.swift in Sources */,
				B55A9804298DA90800C664EE /* ColorExtension.swift in Sources */,
				B59BEC46298EE500008DA563 /* CharacterDetailViewModel.swift in Sources */,
				B59BEC4C298F0322008DA563 /* GenderEnum.swift in Sources */,
				B55A981C298DBA7400C664EE /* RickAndMortyApiEventMonitor.swift in Sources */,
				B55A9807298DAD0800C664EE /* CharacterListViewModel.swift in Sources */,
				B59BEC36298E74F4008DA563 /* CharacterListCardView.swift in Sources */,
				B5958DF1298FDBB40043BFF0 /* ProcessInfoExtension.swift in Sources */,
				B59BEC43298ED4FE008DA563 /* CharacterDetailView.swift in Sources */,
				B55A97FC298D998500C664EE /* StringExtension.swift in Sources */,
				B55A9814298DB60000C664EE /* CharacterApiObject.swift in Sources */,
				B55A97FA298D97C200C664EE /* CharacterListView.swift in Sources */,
				B59BEC4A298F0306008DA563 /* StatusEnum.swift in Sources */,
				B59BEC48298EF320008DA563 /* CharacterLocation.swift in Sources */,
				B55A980D298DAF8A00C664EE /* Character.swift in Sources */,
				B55A9821298DBD9F00C664EE /* Dependencies.swift in Sources */,
				B55A9819298DB80400C664EE /* ApiRestManager.swift in Sources */,
				B55A9816298DB70300C664EE /* CharacterLocationApiObject.swift in Sources */,
				B59BEC52298F098D008DA563 /* LottieFile.swift in Sources */,
				B55A9812298DB5AE00C664EE /* CharacterInfoApiObject.swift in Sources */,
				B59EFCC6298D88DB00F5375E /* RickAndMortyApp.swift in Sources */,
				B55A97F3298D93D100C664EE /* Log.swift in Sources */,
			);
			runOnlyForDeploymentPostprocessing = 0;
		};
/* End PBXSourcesBuildPhase section */

/* Begin PBXTargetDependency section */
		B59BEC61298F1C11008DA563 /* PBXTargetDependency */ = {
			isa = PBXTargetDependency;
			target = B59EFCC1298D88DB00F5375E /* RickAndMorty */;
			targetProxy = B59BEC60298F1C11008DA563 /* PBXContainerItemProxy */;
		};
/* End PBXTargetDependency section */

/* Begin XCBuildConfiguration section */
		B59BEC63298F1C11008DA563 /* Debug */ = {
			isa = XCBuildConfiguration;
			baseConfigurationReference = 58365A23025EE698C892FAC8 /* Pods-RickAndMorty_Tests.debug.xcconfig */;
			buildSettings = {
				BUNDLE_LOADER = "$(TEST_HOST)";
				CODE_SIGN_STYLE = Automatic;
				CURRENT_PROJECT_VERSION = 1;
				GENERATE_INFOPLIST_FILE = YES;
				MARKETING_VERSION = 1.0;
				PRODUCT_BUNDLE_IDENTIFIER = "Kronti.app.RickAndMorty-Tests";
				PRODUCT_NAME = "$(TARGET_NAME)";
				SWIFT_EMIT_LOC_STRINGS = NO;
				SWIFT_VERSION = 5.0;
				TARGETED_DEVICE_FAMILY = "1,2";
				TEST_HOST = "$(BUILT_PRODUCTS_DIR)/RickAndMorty.app/RickAndMorty";
			};
			name = Debug;
		};
		B59BEC64298F1C11008DA563 /* Release */ = {
			isa = XCBuildConfiguration;
			baseConfigurationReference = 3FA38378FEB824DE2488551D /* Pods-RickAndMorty_Tests.release.xcconfig */;
			buildSettings = {
				BUNDLE_LOADER = "$(TEST_HOST)";
				CODE_SIGN_STYLE = Automatic;
				CURRENT_PROJECT_VERSION = 1;
				GENERATE_INFOPLIST_FILE = YES;
				MARKETING_VERSION = 1.0;
				PRODUCT_BUNDLE_IDENTIFIER = "Kronti.app.RickAndMorty-Tests";
				PRODUCT_NAME = "$(TARGET_NAME)";
				SWIFT_EMIT_LOC_STRINGS = NO;
				SWIFT_VERSION = 5.0;
				TARGETED_DEVICE_FAMILY = "1,2";
				TEST_HOST = "$(BUILT_PRODUCTS_DIR)/RickAndMorty.app/RickAndMorty";
			};
			name = Release;
		};
		B59EFCCE298D88DE00F5375E /* Debug */ = {
			isa = XCBuildConfiguration;
			buildSettings = {
				ALWAYS_SEARCH_USER_PATHS = NO;
				CLANG_ANALYZER_NONNULL = YES;
				CLANG_ANALYZER_NUMBER_OBJECT_CONVERSION = YES_AGGRESSIVE;
				CLANG_CXX_LANGUAGE_STANDARD = "gnu++17";
				CLANG_ENABLE_MODULES = YES;
				CLANG_ENABLE_OBJC_ARC = YES;
				CLANG_ENABLE_OBJC_WEAK = YES;
				CLANG_WARN_BLOCK_CAPTURE_AUTORELEASING = YES;
				CLANG_WARN_BOOL_CONVERSION = YES;
				CLANG_WARN_COMMA = YES;
				CLANG_WARN_CONSTANT_CONVERSION = YES;
				CLANG_WARN_DEPRECATED_OBJC_IMPLEMENTATIONS = YES;
				CLANG_WARN_DIRECT_OBJC_ISA_USAGE = YES_ERROR;
				CLANG_WARN_DOCUMENTATION_COMMENTS = YES;
				CLANG_WARN_EMPTY_BODY = YES;
				CLANG_WARN_ENUM_CONVERSION = YES;
				CLANG_WARN_INFINITE_RECURSION = YES;
				CLANG_WARN_INT_CONVERSION = YES;
				CLANG_WARN_NON_LITERAL_NULL_CONVERSION = YES;
				CLANG_WARN_OBJC_IMPLICIT_RETAIN_SELF = YES;
				CLANG_WARN_OBJC_LITERAL_CONVERSION = YES;
				CLANG_WARN_OBJC_ROOT_CLASS = YES_ERROR;
				CLANG_WARN_QUOTED_INCLUDE_IN_FRAMEWORK_HEADER = YES;
				CLANG_WARN_RANGE_LOOP_ANALYSIS = YES;
				CLANG_WARN_STRICT_PROTOTYPES = YES;
				CLANG_WARN_SUSPICIOUS_MOVE = YES;
				CLANG_WARN_UNGUARDED_AVAILABILITY = YES_AGGRESSIVE;
				CLANG_WARN_UNREACHABLE_CODE = YES;
				CLANG_WARN__DUPLICATE_METHOD_MATCH = YES;
				COPY_PHASE_STRIP = NO;
				DEBUG_INFORMATION_FORMAT = dwarf;
				ENABLE_STRICT_OBJC_MSGSEND = YES;
				ENABLE_TESTABILITY = YES;
				GCC_C_LANGUAGE_STANDARD = gnu11;
				GCC_DYNAMIC_NO_PIC = NO;
				GCC_NO_COMMON_BLOCKS = YES;
				GCC_OPTIMIZATION_LEVEL = 0;
				GCC_PREPROCESSOR_DEFINITIONS = (
					"DEBUG=1",
					"$(inherited)",
				);
				GCC_WARN_64_TO_32_BIT_CONVERSION = YES;
				GCC_WARN_ABOUT_RETURN_TYPE = YES_ERROR;
				GCC_WARN_UNDECLARED_SELECTOR = YES;
				GCC_WARN_UNINITIALIZED_AUTOS = YES_AGGRESSIVE;
				GCC_WARN_UNUSED_FUNCTION = YES;
				GCC_WARN_UNUSED_VARIABLE = YES;
				IPHONEOS_DEPLOYMENT_TARGET = 15.4;
				MTL_ENABLE_DEBUG_INFO = INCLUDE_SOURCE;
				MTL_FAST_MATH = YES;
				ONLY_ACTIVE_ARCH = YES;
				SDKROOT = iphoneos;
				SWIFT_ACTIVE_COMPILATION_CONDITIONS = DEBUG;
				SWIFT_OPTIMIZATION_LEVEL = "-Onone";
			};
			name = Debug;
		};
		B59EFCCF298D88DE00F5375E /* Release */ = {
			isa = XCBuildConfiguration;
			buildSettings = {
				ALWAYS_SEARCH_USER_PATHS = NO;
				CLANG_ANALYZER_NONNULL = YES;
				CLANG_ANALYZER_NUMBER_OBJECT_CONVERSION = YES_AGGRESSIVE;
				CLANG_CXX_LANGUAGE_STANDARD = "gnu++17";
				CLANG_ENABLE_MODULES = YES;
				CLANG_ENABLE_OBJC_ARC = YES;
				CLANG_ENABLE_OBJC_WEAK = YES;
				CLANG_WARN_BLOCK_CAPTURE_AUTORELEASING = YES;
				CLANG_WARN_BOOL_CONVERSION = YES;
				CLANG_WARN_COMMA = YES;
				CLANG_WARN_CONSTANT_CONVERSION = YES;
				CLANG_WARN_DEPRECATED_OBJC_IMPLEMENTATIONS = YES;
				CLANG_WARN_DIRECT_OBJC_ISA_USAGE = YES_ERROR;
				CLANG_WARN_DOCUMENTATION_COMMENTS = YES;
				CLANG_WARN_EMPTY_BODY = YES;
				CLANG_WARN_ENUM_CONVERSION = YES;
				CLANG_WARN_INFINITE_RECURSION = YES;
				CLANG_WARN_INT_CONVERSION = YES;
				CLANG_WARN_NON_LITERAL_NULL_CONVERSION = YES;
				CLANG_WARN_OBJC_IMPLICIT_RETAIN_SELF = YES;
				CLANG_WARN_OBJC_LITERAL_CONVERSION = YES;
				CLANG_WARN_OBJC_ROOT_CLASS = YES_ERROR;
				CLANG_WARN_QUOTED_INCLUDE_IN_FRAMEWORK_HEADER = YES;
				CLANG_WARN_RANGE_LOOP_ANALYSIS = YES;
				CLANG_WARN_STRICT_PROTOTYPES = YES;
				CLANG_WARN_SUSPICIOUS_MOVE = YES;
				CLANG_WARN_UNGUARDED_AVAILABILITY = YES_AGGRESSIVE;
				CLANG_WARN_UNREACHABLE_CODE = YES;
				CLANG_WARN__DUPLICATE_METHOD_MATCH = YES;
				COPY_PHASE_STRIP = NO;
				DEBUG_INFORMATION_FORMAT = "dwarf-with-dsym";
				ENABLE_NS_ASSERTIONS = NO;
				ENABLE_STRICT_OBJC_MSGSEND = YES;
				GCC_C_LANGUAGE_STANDARD = gnu11;
				GCC_NO_COMMON_BLOCKS = YES;
				GCC_WARN_64_TO_32_BIT_CONVERSION = YES;
				GCC_WARN_ABOUT_RETURN_TYPE = YES_ERROR;
				GCC_WARN_UNDECLARED_SELECTOR = YES;
				GCC_WARN_UNINITIALIZED_AUTOS = YES_AGGRESSIVE;
				GCC_WARN_UNUSED_FUNCTION = YES;
				GCC_WARN_UNUSED_VARIABLE = YES;
				IPHONEOS_DEPLOYMENT_TARGET = 15.4;
				MTL_ENABLE_DEBUG_INFO = NO;
				MTL_FAST_MATH = YES;
				SDKROOT = iphoneos;
				SWIFT_COMPILATION_MODE = wholemodule;
				SWIFT_OPTIMIZATION_LEVEL = "-O";
				VALIDATE_PRODUCT = YES;
			};
			name = Release;
		};
		B59EFCD1298D88DE00F5375E /* Debug */ = {
			isa = XCBuildConfiguration;
			baseConfigurationReference = 0D4702ABDC77F77724D4A7CB /* Pods-RickAndMorty.debug.xcconfig */;
			buildSettings = {
				ASSETCATALOG_COMPILER_APPICON_NAME = AppIcon;
				ASSETCATALOG_COMPILER_GLOBAL_ACCENT_COLOR_NAME = AccentColor;
				CODE_SIGN_STYLE = Automatic;
				CURRENT_PROJECT_VERSION = 1;
				DEVELOPMENT_ASSET_PATHS = "\"RickAndMorty/Preview Content\"";
				ENABLE_PREVIEWS = YES;
				GENERATE_INFOPLIST_FILE = YES;
				INFOPLIST_KEY_UIApplicationSceneManifest_Generation = YES;
				INFOPLIST_KEY_UIApplicationSupportsIndirectInputEvents = YES;
				INFOPLIST_KEY_UILaunchScreen_Generation = YES;
				INFOPLIST_KEY_UISupportedInterfaceOrientations_iPad = "UIInterfaceOrientationPortrait UIInterfaceOrientationPortraitUpsideDown UIInterfaceOrientationLandscapeLeft UIInterfaceOrientationLandscapeRight";
				INFOPLIST_KEY_UISupportedInterfaceOrientations_iPhone = "UIInterfaceOrientationPortrait UIInterfaceOrientationLandscapeLeft UIInterfaceOrientationLandscapeRight";
				LD_RUNPATH_SEARCH_PATHS = (
					"$(inherited)",
					"@executable_path/Frameworks",
				);
				MARKETING_VERSION = 1.0;
				PRODUCT_BUNDLE_IDENTIFIER = Kronti.app.RickAndMorty;
				PRODUCT_NAME = "$(TARGET_NAME)";
				SWIFT_EMIT_LOC_STRINGS = YES;
				SWIFT_VERSION = 5.0;
				TARGETED_DEVICE_FAMILY = "1,2";
			};
			name = Debug;
		};
		B59EFCD2298D88DE00F5375E /* Release */ = {
			isa = XCBuildConfiguration;
			baseConfigurationReference = 5A3D44D01423052A66A6BBB4 /* Pods-RickAndMorty.release.xcconfig */;
			buildSettings = {
				ASSETCATALOG_COMPILER_APPICON_NAME = AppIcon;
				ASSETCATALOG_COMPILER_GLOBAL_ACCENT_COLOR_NAME = AccentColor;
				CODE_SIGN_STYLE = Automatic;
				CURRENT_PROJECT_VERSION = 1;
				DEVELOPMENT_ASSET_PATHS = "\"RickAndMorty/Preview Content\"";
				ENABLE_PREVIEWS = YES;
				GENERATE_INFOPLIST_FILE = YES;
				INFOPLIST_KEY_UIApplicationSceneManifest_Generation = YES;
				INFOPLIST_KEY_UIApplicationSupportsIndirectInputEvents = YES;
				INFOPLIST_KEY_UILaunchScreen_Generation = YES;
				INFOPLIST_KEY_UISupportedInterfaceOrientations_iPad = "UIInterfaceOrientationPortrait UIInterfaceOrientationPortraitUpsideDown UIInterfaceOrientationLandscapeLeft UIInterfaceOrientationLandscapeRight";
				INFOPLIST_KEY_UISupportedInterfaceOrientations_iPhone = "UIInterfaceOrientationPortrait UIInterfaceOrientationLandscapeLeft UIInterfaceOrientationLandscapeRight";
				LD_RUNPATH_SEARCH_PATHS = (
					"$(inherited)",
					"@executable_path/Frameworks",
				);
				MARKETING_VERSION = 1.0;
				PRODUCT_BUNDLE_IDENTIFIER = Kronti.app.RickAndMorty;
				PRODUCT_NAME = "$(TARGET_NAME)";
				SWIFT_EMIT_LOC_STRINGS = YES;
				SWIFT_VERSION = 5.0;
				TARGETED_DEVICE_FAMILY = "1,2";
			};
			name = Release;
		};
/* End XCBuildConfiguration section */

/* Begin XCConfigurationList section */
		B59BEC62298F1C11008DA563 /* Build configuration list for PBXNativeTarget "RickAndMorty_Tests" */ = {
			isa = XCConfigurationList;
			buildConfigurations = (
				B59BEC63298F1C11008DA563 /* Debug */,
				B59BEC64298F1C11008DA563 /* Release */,
			);
			defaultConfigurationIsVisible = 0;
			defaultConfigurationName = Release;
		};
		B59EFCBD298D88DB00F5375E /* Build configuration list for PBXProject "RickAndMorty" */ = {
			isa = XCConfigurationList;
			buildConfigurations = (
				B59EFCCE298D88DE00F5375E /* Debug */,
				B59EFCCF298D88DE00F5375E /* Release */,
			);
			defaultConfigurationIsVisible = 0;
			defaultConfigurationName = Release;
		};
		B59EFCD0298D88DE00F5375E /* Build configuration list for PBXNativeTarget "RickAndMorty" */ = {
			isa = XCConfigurationList;
			buildConfigurations = (
				B59EFCD1298D88DE00F5375E /* Debug */,
				B59EFCD2298D88DE00F5375E /* Release */,
			);
			defaultConfigurationIsVisible = 0;
			defaultConfigurationName = Release;
		};
/* End XCConfigurationList section */
	};
	rootObject = B59EFCBA298D88DB00F5375E /* Project object */;
}
